<Solution>
  <Configurations>
    <Platform Name="x64" />
  </Configurations>
  <Project Path="ClientApp/ClientApp.csproj">
    <Platform Solution="*|x64" Project="x64" />
    <Deploy />
  </Project>
  <Project Path="ClientApp.Application/ClientApp.Application.csproj" />
  <Project Path="ClientApp.Infrastructure/ClientApp.Infrastructure.csproj" />

  <Folder Name="/Solution Items/">
    <File Path=".editorconfig" />
    <File Path=".gitattributes" />
    <File Path="Directory.Packages.props" />
    <File Path="README.md" />
  </Folder>
</Solution>
